// !$*UTF8*$!
{
	archiveVersion = 1;
	classes = {
	};
	objectVersion = 46;
	objects = {

/* Begin PBXBuildFile section */
		C930352C1C9A96BC00482D36 /* ColorExtViewController.m in Sources */ = {isa = PBXBuildFile; fileRef = C930352A1C9A96BC00482D36 /* ColorExtViewController.m */; };
		C930352D1C9A96BC00482D36 /* ColorExtViewController.xib in Resources */ = {isa = PBXBuildFile; fileRef = C930352B1C9A96BC00482D36 /* ColorExtViewController.xib */; };
		C950218F1C8D5787007C44F4 /* main.m in Sources */ = {isa = PBXBuildFile; fileRef = C950218E1C8D5787007C44F4 /* main.m */; };
		C95021981C8D5787007C44F4 /* Main.storyboard in Resources */ = {isa = PBXBuildFile; fileRef = C95021961C8D5787007C44F4 /* Main.storyboard */; };
		C950219A1C8D5787007C44F4 /* Assets.xcassets in Resources */ = {isa = PBXBuildFile; fileRef = C95021991C8D5787007C44F4 /* Assets.xcassets */; };
		C950219D1C8D5787007C44F4 /* LaunchScreen.storyboard in Resources */ = {isa = PBXBuildFile; fileRef = C950219B1C8D5787007C44F4 /* LaunchScreen.storyboard */; };
		C95021E91C8D5CD1007C44F4 /* AppDelegate.m in Sources */ = {isa = PBXBuildFile; fileRef = C95021E61C8D5CD1007C44F4 /* AppDelegate.m */; };
		C95021EE1C8D5CFF007C44F4 /* NSDate+Helper.m in Sources */ = {isa = PBXBuildFile; fileRef = C95021ED1C8D5CFF007C44F4 /* NSDate+Helper.m */; };
		C95021F31C8D629A007C44F4 /* DateExtViewController.m in Sources */ = {isa = PBXBuildFile; fileRef = C95021F11C8D629A007C44F4 /* DateExtViewController.m */; };
		C95021F41C8D629A007C44F4 /* DateExtViewController.xib in Resources */ = {isa = PBXBuildFile; fileRef = C95021F21C8D629A007C44F4 /* DateExtViewController.xib */; };
		C95022431C8D6D3D007C44F4 /* MainViewController.m in Sources */ = {isa = PBXBuildFile; fileRef = C95022421C8D6D3D007C44F4 /* MainViewController.m */; };
		C95022461C8D6F31007C44F4 /* NSString+Helper.m in Sources */ = {isa = PBXBuildFile; fileRef = C95022451C8D6F31007C44F4 /* NSString+Helper.m */; };
		C95022491C8D6F68007C44F4 /* NSObject+Helper.m in Sources */ = {isa = PBXBuildFile; fileRef = C95022481C8D6F68007C44F4 /* NSObject+Helper.m */; };
		C950224C1C8D7906007C44F4 /* UIImage+Helper.m in Sources */ = {isa = PBXBuildFile; fileRef = C950224B1C8D7906007C44F4 /* UIImage+Helper.m */; };
		C95022501C8D79DA007C44F4 /* UIView+Helper.m in Sources */ = {isa = PBXBuildFile; fileRef = C950224F1C8D79DA007C44F4 /* UIView+Helper.m */; };
		C95022531C8D7A42007C44F4 /* UIColor+Helper.m in Sources */ = {isa = PBXBuildFile; fileRef = C95022521C8D7A42007C44F4 /* UIColor+Helper.m */; };
/* End PBXBuildFile section */

/* Begin PBXFileReference section */
		C93035291C9A96BC00482D36 /* ColorExtViewController.h */ = {isa = PBXFileReference; fileEncoding = 4; lastKnownFileType = sourcecode.c.h; path = ColorExtViewController.h; sourceTree = "<group>"; };
		C930352A1C9A96BC00482D36 /* ColorExtViewController.m */ = {isa = PBXFileReference; fileEncoding = 4; lastKnownFileType = sourcecode.c.objc; path = ColorExtViewController.m; sourceTree = "<group>"; };
		C930352B1C9A96BC00482D36 /* ColorExtViewController.xib */ = {isa = PBXFileReference; fileEncoding = 4; lastKnownFileType = file.xib; path = ColorExtViewController.xib; sourceTree = "<group>"; };
		C950218A1C8D5787007C44F4 /* Helper.app */ = {isa = PBXFileReference; explicitFileType = wrapper.application; includeInIndex = 0; path = Helper.app; sourceTree = BUILT_PRODUCTS_DIR; };
		C950218E1C8D5787007C44F4 /* main.m */ = {isa = PBXFileReference; lastKnownFileType = sourcecode.c.objc; path = main.m; sourceTree = "<group>"; };
		C95021971C8D5787007C44F4 /* Base */ = {isa = PBXFileReference; lastKnownFileType = file.storyboard; name = Base; path = Base.lproj/Main.storyboard; sourceTree = "<group>"; };
		C95021991C8D5787007C44F4 /* Assets.xcassets */ = {isa = PBXFileReference; lastKnownFileType = folder.assetcatalog; path = Assets.xcassets; sourceTree = "<group>"; };
		C950219C1C8D5787007C44F4 /* Base */ = {isa = PBXFileReference; lastKnownFileType = file.storyboard; name = Base; path = Base.lproj/LaunchScreen.storyboard; sourceTree = "<group>"; };
		C950219E1C8D5787007C44F4 /* Info.plist */ = {isa = PBXFileReference; lastKnownFileType = text.plist.xml; path = Info.plist; sourceTree = "<group>"; };
		C95021E51C8D5CD1007C44F4 /* AppDelegate.h */ = {isa = PBXFileReference; fileEncoding = 4; lastKnownFileType = sourcecode.c.h; path = AppDelegate.h; sourceTree = "<group>"; };
		C95021E61C8D5CD1007C44F4 /* AppDelegate.m */ = {isa = PBXFileReference; fileEncoding = 4; lastKnownFileType = sourcecode.c.objc; path = AppDelegate.m; sourceTree = "<group>"; };
		C95021EC1C8D5CFF007C44F4 /* NSDate+Helper.h */ = {isa = PBXFileReference; fileEncoding = 4; lastKnownFileType = sourcecode.c.h; path = "NSDate+Helper.h"; sourceTree = "<group>"; };
		C95021ED1C8D5CFF007C44F4 /* NSDate+Helper.m */ = {isa = PBXFileReference; fileEncoding = 4; lastKnownFileType = sourcecode.c.objc; path = "NSDate+Helper.m"; sourceTree = "<group>"; };
		C95021F01C8D629A007C44F4 /* DateExtViewController.h */ = {isa = PBXFileReference; fileEncoding = 4; lastKnownFileType = sourcecode.c.h; path = DateExtViewController.h; sourceTree = "<group>"; };
		C95021F11C8D629A007C44F4 /* DateExtViewController.m */ = {isa = PBXFileReference; fileEncoding = 4; lastKnownFileType = sourcecode.c.objc; path = DateExtViewController.m; sourceTree = "<group>"; };
		C95021F21C8D629A007C44F4 /* DateExtViewController.xib */ = {isa = PBXFileReference; fileEncoding = 4; lastKnownFileType = file.xib; path = DateExtViewController.xib; sourceTree = "<group>"; };
		C95022411C8D6D3D007C44F4 /* MainViewController.h */ = {isa = PBXFileReference; fileEncoding = 4; lastKnownFileType = sourcecode.c.h; path = MainViewController.h; sourceTree = "<group>"; };
		C95022421C8D6D3D007C44F4 /* MainViewController.m */ = {isa = PBXFileReference; fileEncoding = 4; lastKnownFileType = sourcecode.c.objc; path = MainViewController.m; sourceTree = "<group>"; };
		C95022441C8D6F31007C44F4 /* NSString+Helper.h */ = {isa = PBXFileReference; fileEncoding = 4; lastKnownFileType = sourcecode.c.h; path = "NSString+Helper.h"; sourceTree = "<group>"; };
		C95022451C8D6F31007C44F4 /* NSString+Helper.m */ = {isa = PBXFileReference; fileEncoding = 4; lastKnownFileType = sourcecode.c.objc; path = "NSString+Helper.m"; sourceTree = "<group>"; };
		C95022471C8D6F68007C44F4 /* NSObject+Helper.h */ = {isa = PBXFileReference; fileEncoding = 4; lastKnownFileType = sourcecode.c.h; path = "NSObject+Helper.h"; sourceTree = "<group>"; };
		C95022481C8D6F68007C44F4 /* NSObject+Helper.m */ = {isa = PBXFileReference; fileEncoding = 4; lastKnownFileType = sourcecode.c.objc; path = "NSObject+Helper.m"; sourceTree = "<group>"; };
		C950224A1C8D7906007C44F4 /* UIImage+Helper.h */ = {isa = PBXFileReference; fileEncoding = 4; lastKnownFileType = sourcecode.c.h; path = "UIImage+Helper.h"; sourceTree = "<group>"; };
		C950224B1C8D7906007C44F4 /* UIImage+Helper.m */ = {isa = PBXFileReference; fileEncoding = 4; lastKnownFileType = sourcecode.c.objc; path = "UIImage+Helper.m"; sourceTree = "<group>"; };
		C950224E1C8D79DA007C44F4 /* UIView+Helper.h */ = {isa = PBXFileReference; fileEncoding = 4; lastKnownFileType = sourcecode.c.h; path = "UIView+Helper.h"; sourceTree = "<group>"; };
		C950224F1C8D79DA007C44F4 /* UIView+Helper.m */ = {isa = PBXFileReference; fileEncoding = 4; lastKnownFileType = sourcecode.c.objc; path = "UIView+Helper.m"; sourceTree = "<group>"; };
		C95022511C8D7A42007C44F4 /* UIColor+Helper.h */ = {isa = PBXFileReference; fileEncoding = 4; lastKnownFileType = sourcecode.c.h; path = "UIColor+Helper.h"; sourceTree = "<group>"; };
		C95022521C8D7A42007C44F4 /* UIColor+Helper.m */ = {isa = PBXFileReference; fileEncoding = 4; lastKnownFileType = sourcecode.c.objc; path = "UIColor+Helper.m"; sourceTree = "<group>"; };
/* End PBXFileReference section */

/* Begin PBXFrameworksBuildPhase section */
		C95021871C8D5787007C44F4 /* Frameworks */ = {
			isa = PBXFrameworksBuildPhase;
			buildActionMask = 2147483647;
			files = (
			);
			runOnlyForDeploymentPostprocessing = 0;
		};
/* End PBXFrameworksBuildPhase section */

/* Begin PBXGroup section */
		C95021811C8D5787007C44F4 = {
			isa = PBXGroup;
			children = (
				C950218C1C8D5787007C44F4 /* Helper */,
				C950218B1C8D5787007C44F4 /* Products */,
			);
			sourceTree = "<group>";
		};
		C950218B1C8D5787007C44F4 /* Products */ = {
			isa = PBXGroup;
			children = (
				C950218A1C8D5787007C44F4 /* Helper.app */,
			);
			name = Products;
			sourceTree = "<group>";
		};
		C950218C1C8D5787007C44F4 /* Helper */ = {
			isa = PBXGroup;
			children = (
				C95021E41C8D5CD1007C44F4 /* Root */,
				C95021EF1C8D6288007C44F4 /* Controller */,
				C950224D1C8D79C7007C44F4 /* View */,
				C95021EB1C8D5CFF007C44F4 /* Model */,
				C95021961C8D5787007C44F4 /* Main.storyboard */,
				C95021991C8D5787007C44F4 /* Assets.xcassets */,
				C950219B1C8D5787007C44F4 /* LaunchScreen.storyboard */,
				C950219E1C8D5787007C44F4 /* Info.plist */,
				C950218D1C8D5787007C44F4 /* Supporting Files */,
			);
			path = Helper;
			sourceTree = "<group>";
		};
		C950218D1C8D5787007C44F4 /* Supporting Files */ = {
			isa = PBXGroup;
			children = (
				C950218E1C8D5787007C44F4 /* main.m */,
			);
			name = "Supporting Files";
			sourceTree = "<group>";
		};
		C95021E41C8D5CD1007C44F4 /* Root */ = {
			isa = PBXGroup;
			children = (
				C95021E51C8D5CD1007C44F4 /* AppDelegate.h */,
				C95021E61C8D5CD1007C44F4 /* AppDelegate.m */,
				C95022411C8D6D3D007C44F4 /* MainViewController.h */,
				C95022421C8D6D3D007C44F4 /* MainViewController.m */,
			);
			path = Root;
			sourceTree = "<group>";
		};
		C95021EB1C8D5CFF007C44F4 /* Model */ = {
			isa = PBXGroup;
			children = (
				C95021EC1C8D5CFF007C44F4 /* NSDate+Helper.h */,
				C95021ED1C8D5CFF007C44F4 /* NSDate+Helper.m */,
				C95022441C8D6F31007C44F4 /* NSString+Helper.h */,
				C95022451C8D6F31007C44F4 /* NSString+Helper.m */,
				C95022471C8D6F68007C44F4 /* NSObject+Helper.h */,
				C95022481C8D6F68007C44F4 /* NSObject+Helper.m */,
				C950224A1C8D7906007C44F4 /* UIImage+Helper.h */,
				C950224B1C8D7906007C44F4 /* UIImage+Helper.m */,
				C95022511C8D7A42007C44F4 /* UIColor+Helper.h */,
				C95022521C8D7A42007C44F4 /* UIColor+Helper.m */,
			);
			path = Model;
			sourceTree = "<group>";
		};
		C95021EF1C8D6288007C44F4 /* Controller */ = {
			isa = PBXGroup;
			children = (
				C95021F01C8D629A007C44F4 /* DateExtViewController.h */,
				C95021F11C8D629A007C44F4 /* DateExtViewController.m */,
				C95021F21C8D629A007C44F4 /* DateExtViewController.xib */,
				C93035291C9A96BC00482D36 /* ColorExtViewController.h */,
				C930352A1C9A96BC00482D36 /* ColorExtViewController.m */,
				C930352B1C9A96BC00482D36 /* ColorExtViewController.xib */,
			);
			path = Controller;
			sourceTree = "<group>";
		};
		C950224D1C8D79C7007C44F4 /* View */ = {
			isa = PBXGroup;
			children = (
				C950224E1C8D79DA007C44F4 /* UIView+Helper.h */,
				C950224F1C8D79DA007C44F4 /* UIView+Helper.m */,
			);
			path = View;
			sourceTree = "<group>";
		};
/* End PBXGroup section */

/* Begin PBXNativeTarget section */
		C95021891C8D5787007C44F4 /* Helper */ = {
			isa = PBXNativeTarget;
			buildConfigurationList = C95021A11C8D5787007C44F4 /* Build configuration list for PBXNativeTarget "Helper" */;
			buildPhases = (
				C95021861C8D5787007C44F4 /* Sources */,
				C95021871C8D5787007C44F4 /* Frameworks */,
				C95021881C8D5787007C44F4 /* Resources */,
			);
			buildRules = (
			);
			dependencies = (
			);
			name = Helper;
			productName = Helper;
			productReference = C950218A1C8D5787007C44F4 /* Helper.app */;
			productType = "com.apple.product-type.application";
		};
/* End PBXNativeTarget section */

/* Begin PBXProject section */
		C95021821C8D5787007C44F4 /* Project object */ = {
			isa = PBXProject;
			attributes = {
				LastUpgradeCheck = 0720;
				ORGANIZATIONNAME = Hadlinks;
				TargetAttributes = {
					C95021891C8D5787007C44F4 = {
						CreatedOnToolsVersion = 7.2;
						DevelopmentTeam = 4KG6HP5AK5;
					};
				};
			};
			buildConfigurationList = C95021851C8D5787007C44F4 /* Build configuration list for PBXProject "Helper" */;
			compatibilityVersion = "Xcode 3.2";
			developmentRegion = English;
			hasScannedForEncodings = 0;
			knownRegions = (
				en,
				Base,
			);
			mainGroup = C95021811C8D5787007C44F4;
			productRefGroup = C950218B1C8D5787007C44F4 /* Products */;
			projectDirPath = "";
			projectRoot = "";
			targets = (
				C95021891C8D5787007C44F4 /* Helper */,
			);
		};
/* End PBXProject section */

/* Begin PBXResourcesBuildPhase section */
		C95021881C8D5787007C44F4 /* Resources */ = {
			isa = PBXResourcesBuildPhase;
			buildActionMask = 2147483647;
			files = (
				C95021F41C8D629A007C44F4 /* DateExtViewController.xib in Resources */,
				C950219D1C8D5787007C44F4 /* LaunchScreen.storyboard in Resources */,
				C950219A1C8D5787007C44F4 /* Assets.xcassets in Resources */,
				C930352D1C9A96BC00482D36 /* ColorExtViewController.xib in Resources */,
				C95021981C8D5787007C44F4 /* Main.storyboard in Resources */,
			);
			runOnlyForDeploymentPostprocessing = 0;
		};
/* End PBXResourcesBuildPhase section */

/* Begin PBXSourcesBuildPhase section */
		C95021861C8D5787007C44F4 /* Sources */ = {
			isa = PBXSourcesBuildPhase;
			buildActionMask = 2147483647;
			files = (
				C95022501C8D79DA007C44F4 /* UIView+Helper.m in Sources */,
				C95021EE1C8D5CFF007C44F4 /* NSDate+Helper.m in Sources */,
				C95022461C8D6F31007C44F4 /* NSString+Helper.m in Sources */,
				C95022431C8D6D3D007C44F4 /* MainViewController.m in Sources */,
				C95021E91C8D5CD1007C44F4 /* AppDelegate.m in Sources */,
				C95021F31C8D629A007C44F4 /* DateExtViewController.m in Sources */,
				C95022491C8D6F68007C44F4 /* NSObject+Helper.m in Sources */,
				C95022531C8D7A42007C44F4 /* UIColor+Helper.m in Sources */,
				C950218F1C8D5787007C44F4 /* main.m in Sources */,
				C950224C1C8D7906007C44F4 /* UIImage+Helper.m in Sources */,
				C930352C1C9A96BC00482D36 /* ColorExtViewController.m in Sources */,
			);
			runOnlyForDeploymentPostprocessing = 0;
		};
/* End PBXSourcesBuildPhase section */

/* Begin PBXVariantGroup section */
		C95021961C8D5787007C44F4 /* Main.storyboard */ = {
			isa = PBXVariantGroup;
			children = (
				C95021971C8D5787007C44F4 /* Base */,
			);
			name = Main.storyboard;
			sourceTree = "<group>";
		};
		C950219B1C8D5787007C44F4 /* LaunchScreen.storyboard */ = {
			isa = PBXVariantGroup;
			children = (
				C950219C1C8D5787007C44F4 /* Base */,
			);
			name = LaunchScreen.storyboard;
			sourceTree = "<group>";
		};
/* End PBXVariantGroup section */

/* Begin XCBuildConfiguration section */
		C950219F1C8D5787007C44F4 /* Debug */ = {
			isa = XCBuildConfiguration;
			buildSettings = {
				ALWAYS_SEARCH_USER_PATHS = NO;
				CLANG_CXX_LANGUAGE_STANDARD = "gnu++0x";
				CLANG_CXX_LIBRARY = "libc++";
				CLANG_ENABLE_MODULES = YES;
				CLANG_ENABLE_OBJC_ARC = YES;
				CLANG_WARN_BOOL_CONVERSION = YES;
				CLANG_WARN_CONSTANT_CONVERSION = YES;
				CLANG_WARN_DIRECT_OBJC_ISA_USAGE = YES_ERROR;
				CLANG_WARN_EMPTY_BODY = YES;
				CLANG_WARN_ENUM_CONVERSION = YES;
				CLANG_WARN_INT_CONVERSION = YES;
				CLANG_WARN_OBJC_ROOT_CLASS = YES_ERROR;
				CLANG_WARN_UNREACHABLE_CODE = YES;
				CLANG_WARN__DUPLICATE_METHOD_MATCH = YES;
				"CODE_SIGN_IDENTITY[sdk=iphoneos*]" = "iPhone Developer";
				COPY_PHASE_STRIP = NO;
				DEBUG_INFORMATION_FORMAT = dwarf;
				ENABLE_STRICT_OBJC_MSGSEND = YES;
				ENABLE_TESTABILITY = YES;
				GCC_C_LANGUAGE_STANDARD = gnu99;
				GCC_DYNAMIC_NO_PIC = NO;
				GCC_NO_COMMON_BLOCKS = YES;
				GCC_OPTIMIZATION_LEVEL = 0;
				GCC_PREPROCESSOR_DEFINITIONS = (
					"DEBUG=1",
					"$(inherited)",
				);
				GCC_WARN_64_TO_32_BIT_CONVERSION = YES;
				GCC_WARN_ABOUT_RETURN_TYPE = YES_ERROR;
				GCC_WARN_UNDECLARED_SELECTOR = YES;
				GCC_WARN_UNINITIALIZED_AUTOS = YES_AGGRESSIVE;
				GCC_WARN_UNUSED_FUNCTION = YES;
				GCC_WARN_UNUSED_VARIABLE = YES;
				IPHONEOS_DEPLOYMENT_TARGET = 9.2;
				MTL_ENABLE_DEBUG_INFO = YES;
				ONLY_ACTIVE_ARCH = YES;
				SDKROOT = iphoneos;
			};
			name = Debug;
		};
		C95021A01C8D5787007C44F4 /* Release */ = {
			isa = XCBuildConfiguration;
			buildSettings = {
				ALWAYS_SEARCH_USER_PATHS = NO;
				CLANG_CXX_LANGUAGE_STANDARD = "gnu++0x";
				CLANG_CXX_LIBRARY = "libc++";
				CLANG_ENABLE_MODULES = YES;
				CLANG_ENABLE_OBJC_ARC = YES;
				CLANG_WARN_BOOL_CONVERSION = YES;
				CLANG_WARN_CONSTANT_CONVERSION = YES;
				CLANG_WARN_DIRECT_OBJC_ISA_USAGE = YES_ERROR;
				CLANG_WARN_EMPTY_BODY = YES;
				CLANG_WARN_ENUM_CONVERSION = YES;
				CLANG_WARN_INT_CONVERSION = YES;
				CLANG_WARN_OBJC_ROOT_CLASS = YES_ERROR;
				CLANG_WARN_UNREACHABLE_CODE = YES;
				CLANG_WARN__DUPLICATE_METHOD_MATCH = YES;
				"CODE_SIGN_IDENTITY[sdk=iphoneos*]" = "iPhone Developer";
				COPY_PHASE_STRIP = NO;
				DEBUG_INFORMATION_FORMAT = "dwarf-with-dsym";
				ENABLE_NS_ASSERTIONS = NO;
				ENABLE_STRICT_OBJC_MSGSEND = YES;
				GCC_C_LANGUAGE_STANDARD = gnu99;
				GCC_NO_COMMON_BLOCKS = YES;
				GCC_WARN_64_TO_32_BIT_CONVERSION = YES;
				GCC_WARN_ABOUT_RETURN_TYPE = YES_ERROR;
				GCC_WARN_UNDECLARED_SELECTOR = YES;
				GCC_WARN_UNINITIALIZED_AUTOS = YES_AGGRESSIVE;
				GCC_WARN_UNUSED_FUNCTION = YES;
				GCC_WARN_UNUSED_VARIABLE = YES;
				IPHONEOS_DEPLOYMENT_TARGET = 9.2;
				MTL_ENABLE_DEBUG_INFO = NO;
				SDKROOT = iphoneos;
				VALIDATE_PRODUCT = YES;
			};
			name = Release;
		};
		C95021A21C8D5787007C44F4 /* Debug */ = {
			isa = XCBuildConfiguration;
			buildSettings = {
				ASSETCATALOG_COMPILER_APPICON_NAME = AppIcon;
				CODE_SIGN_IDENTITY = "iPhone Developer";
				"CODE_SIGN_IDENTITY[sdk=iphoneos*]" = "iPhone Developer";
				INFOPLIST_FILE = Helper/Info.plist;
				IPHONEOS_DEPLOYMENT_TARGET = 8.0;
				LD_RUNPATH_SEARCH_PATHS = "$(inherited) @executable_path/Frameworks";
				PRODUCT_BUNDLE_IDENTIFIER = com.hanshao.352AirCleaner;
				PRODUCT_NAME = "$(TARGET_NAME)";
				PROVISIONING_PROFILE = "";
				TARGETED_DEVICE_FAMILY = 1;
			};
			name = Debug;
		};
		C95021A31C8D5787007C44F4 /* Release */ = {
			isa = XCBuildConfiguration;
			buildSettings = {
				ASSETCATALOG_COMPILER_APPICON_NAME = AppIcon;
				CODE_SIGN_IDENTITY = "iPhone Developer";
				"CODE_SIGN_IDENTITY[sdk=iphoneos*]" = "iPhone Developer";
				INFOPLIST_FILE = Helper/Info.plist;
				IPHONEOS_DEPLOYMENT_TARGET = 8.0;
				LD_RUNPATH_SEARCH_PATHS = "$(inherited) @executable_path/Frameworks";
				PRODUCT_BUNDLE_IDENTIFIER = com.hanshao.352AirCleaner;
				PRODUCT_NAME = "$(TARGET_NAME)";
				PROVISIONING_PROFILE = "";
				TARGETED_DEVICE_FAMILY = 1;
			};
			name = Release;
		};
/* End XCBuildConfiguration section */

/* Begin XCConfigurationList section */
		C95021851C8D5787007C44F4 /* Build configuration list for PBXProject "Helper" */ = {
			isa = XCConfigurationList;
			buildConfigurations = (
				C950219F1C8D5787007C44F4 /* Debug */,
				C95021A01C8D5787007C44F4 /* Release */,
			);
			defaultConfigurationIsVisible = 0;
			defaultConfigurationName = Release;
		};
		C95021A11C8D5787007C44F4 /* Build configuration list for PBXNativeTarget "Helper" */ = {
			isa = XCConfigurationList;
			buildConfigurations = (
				C95021A21C8D5787007C44F4 /* Debug */,
				C95021A31C8D5787007C44F4 /* Release */,
			);
			defaultConfigurationIsVisible = 0;
			defaultConfigurationName = Release;
		};
/* End XCConfigurationList section */
	};
	rootObject = C95021821C8D5787007C44F4 /* Project object */;
}
