// !$*UTF8*$!
{
	archiveVersion = 1;
	classes = {
	};
	objectVersion = 46;
	objects = {

/* Begin PBXBuildFile section */
		184FAAE91C521ABA00DC9920 /* Assets.xcassets in Resources */ = {isa = PBXBuildFile; fileRef = 184FAAE81C521ABA00DC9920 /* Assets.xcassets */; };
		184FAAEC1C521ABA00DC9920 /* LaunchScreen.storyboard in Resources */ = {isa = PBXBuildFile; fileRef = 184FAAEA1C521ABA00DC9920 /* LaunchScreen.storyboard */; };
		C94BCBBA1C72AB4C0092C0BD /* DatePickerController.m in Sources */ = {isa = PBXBuildFile; fileRef = C94BCBB51C72AB4C0092C0BD /* DatePickerController.m */; };
		C94BCBBB1C72AB4C0092C0BD /* DatePickerController.xib in Resources */ = {isa = PBXBuildFile; fileRef = C94BCBB61C72AB4C0092C0BD /* DatePickerController.xib */; };
		C94BCBBC1C72AB4C0092C0BD /* PieViewController.m in Sources */ = {isa = PBXBuildFile; fileRef = C94BCBB81C72AB4C0092C0BD /* PieViewController.m */; };
		C94BCBBD1C72AB4C0092C0BD /* PieViewController.xib in Resources */ = {isa = PBXBuildFile; fileRef = C94BCBB91C72AB4C0092C0BD /* PieViewController.xib */; };
		C94BCBC41C72AFF70092C0BD /* SegmentViewController.m in Sources */ = {isa = PBXBuildFile; fileRef = C94BCBC21C72AFF70092C0BD /* SegmentViewController.m */; };
		C94BCBC51C72AFF70092C0BD /* SegmentViewController.xib in Resources */ = {isa = PBXBuildFile; fileRef = C94BCBC31C72AFF70092C0BD /* SegmentViewController.xib */; };
		C94BCBC91C72B02B0092C0BD /* PolyViewController.m in Sources */ = {isa = PBXBuildFile; fileRef = C94BCBC71C72B02B0092C0BD /* PolyViewController.m */; };
		C94BCBCA1C72B02B0092C0BD /* PolyViewController.xib in Resources */ = {isa = PBXBuildFile; fileRef = C94BCBC81C72B02B0092C0BD /* PolyViewController.xib */; };
		C96F1D101C7E8C2D008B19EC /* AnalysisViewController.xib in Resources */ = {isa = PBXBuildFile; fileRef = C96F1D0E1C7E8C2D008B19EC /* AnalysisViewController.xib */; };
		C96F1D131C7E8E10008B19EC /* AnalysisViewController.m in Sources */ = {isa = PBXBuildFile; fileRef = C96F1D121C7E8E10008B19EC /* AnalysisViewController.m */; };
		C96F222F1C869587008B19EC /* QuartzCore.framework in Frameworks */ = {isa = PBXBuildFile; fileRef = C96F222E1C869587008B19EC /* QuartzCore.framework */; };
		C96F225C1C88268F008B19EC /* HSScaner.m in Sources */ = {isa = PBXBuildFile; fileRef = C96F225B1C88268F008B19EC /* HSScaner.m */; };
		C96F226A1C88269F008B19EC /* HSAnalysisView.m in Sources */ = {isa = PBXBuildFile; fileRef = C96F225F1C88269F008B19EC /* HSAnalysisView.m */; };
		C96F226B1C88269F008B19EC /* HSPickerView.m in Sources */ = {isa = PBXBuildFile; fileRef = C96F22611C88269F008B19EC /* HSPickerView.m */; };
		C96F226C1C88269F008B19EC /* HSPolyline.m in Sources */ = {isa = PBXBuildFile; fileRef = C96F22631C88269F008B19EC /* HSPolyline.m */; };
		C96F226D1C88269F008B19EC /* HSSegmentView.m in Sources */ = {isa = PBXBuildFile; fileRef = C96F22651C88269F008B19EC /* HSSegmentView.m */; };
		C96F226E1C88269F008B19EC /* PhotoLayer.m in Sources */ = {isa = PBXBuildFile; fileRef = C96F22671C88269F008B19EC /* PhotoLayer.m */; };
		C96F226F1C88269F008B19EC /* XYPieChart.m in Sources */ = {isa = PBXBuildFile; fileRef = C96F22691C88269F008B19EC /* XYPieChart.m */; };
		C96F22781C8826F0008B19EC /* AppDelegate.m in Sources */ = {isa = PBXBuildFile; fileRef = C96F22721C8826F0008B19EC /* AppDelegate.m */; };
		C96F22791C8826F0008B19EC /* main.m in Sources */ = {isa = PBXBuildFile; fileRef = C96F22741C8826F0008B19EC /* main.m */; };
		C96F227A1C8826F0008B19EC /* Main.Storyboard in Resources */ = {isa = PBXBuildFile; fileRef = C96F22751C8826F0008B19EC /* Main.Storyboard */; };
		C96F227B1C8826F0008B19EC /* MainViewController.m in Sources */ = {isa = PBXBuildFile; fileRef = C96F22771C8826F0008B19EC /* MainViewController.m */; };
		C96F227E1C882794008B19EC /* ScanViewController.m in Sources */ = {isa = PBXBuildFile; fileRef = C96F227D1C882794008B19EC /* ScanViewController.m */; };
		C96F22801C8827A4008B19EC /* ScanViewController.xib in Resources */ = {isa = PBXBuildFile; fileRef = C96F227F1C8827A4008B19EC /* ScanViewController.xib */; };
/* End PBXBuildFile section */

/* Begin PBXFileReference section */
		184FAAD91C521ABA00DC9920 /* Controls.app */ = {isa = PBXFileReference; explicitFileType = wrapper.application; includeInIndex = 0; path = Controls.app; sourceTree = BUILT_PRODUCTS_DIR; };
		184FAAE81C521ABA00DC9920 /* Assets.xcassets */ = {isa = PBXFileReference; lastKnownFileType = folder.assetcatalog; path = Assets.xcassets; sourceTree = "<group>"; };
		184FAAEB1C521ABA00DC9920 /* Base */ = {isa = PBXFileReference; lastKnownFileType = file.storyboard; name = Base; path = Base.lproj/LaunchScreen.storyboard; sourceTree = "<group>"; };
		184FAAED1C521ABA00DC9920 /* Info.plist */ = {isa = PBXFileReference; lastKnownFileType = text.plist.xml; path = Info.plist; sourceTree = "<group>"; };
		C94BCBB41C72AB4C0092C0BD /* DatePickerController.h */ = {isa = PBXFileReference; fileEncoding = 4; lastKnownFileType = sourcecode.c.h; path = DatePickerController.h; sourceTree = "<group>"; };
		C94BCBB51C72AB4C0092C0BD /* DatePickerController.m */ = {isa = PBXFileReference; fileEncoding = 4; lastKnownFileType = sourcecode.c.objc; path = DatePickerController.m; sourceTree = "<group>"; };
		C94BCBB61C72AB4C0092C0BD /* DatePickerController.xib */ = {isa = PBXFileReference; fileEncoding = 4; lastKnownFileType = file.xib; path = DatePickerController.xib; sourceTree = "<group>"; };
		C94BCBB71C72AB4C0092C0BD /* PieViewController.h */ = {isa = PBXFileReference; fileEncoding = 4; lastKnownFileType = sourcecode.c.h; path = PieViewController.h; sourceTree = "<group>"; };
		C94BCBB81C72AB4C0092C0BD /* PieViewController.m */ = {isa = PBXFileReference; fileEncoding = 4; lastKnownFileType = sourcecode.c.objc; path = PieViewController.m; sourceTree = "<group>"; };
		C94BCBB91C72AB4C0092C0BD /* PieViewController.xib */ = {isa = PBXFileReference; fileEncoding = 4; lastKnownFileType = file.xib; path = PieViewController.xib; sourceTree = "<group>"; };
		C94BCBC11C72AFF70092C0BD /* SegmentViewController.h */ = {isa = PBXFileReference; fileEncoding = 4; lastKnownFileType = sourcecode.c.h; path = SegmentViewController.h; sourceTree = "<group>"; };
		C94BCBC21C72AFF70092C0BD /* SegmentViewController.m */ = {isa = PBXFileReference; fileEncoding = 4; lastKnownFileType = sourcecode.c.objc; path = SegmentViewController.m; sourceTree = "<group>"; };
		C94BCBC31C72AFF70092C0BD /* SegmentViewController.xib */ = {isa = PBXFileReference; fileEncoding = 4; lastKnownFileType = file.xib; path = SegmentViewController.xib; sourceTree = "<group>"; };
		C94BCBC61C72B02B0092C0BD /* PolyViewController.h */ = {isa = PBXFileReference; fileEncoding = 4; lastKnownFileType = sourcecode.c.h; path = PolyViewController.h; sourceTree = "<group>"; };
		C94BCBC71C72B02B0092C0BD /* PolyViewController.m */ = {isa = PBXFileReference; fileEncoding = 4; lastKnownFileType = sourcecode.c.objc; path = PolyViewController.m; sourceTree = "<group>"; };
		C94BCBC81C72B02B0092C0BD /* PolyViewController.xib */ = {isa = PBXFileReference; fileEncoding = 4; lastKnownFileType = file.xib; path = PolyViewController.xib; sourceTree = "<group>"; };
		C96F1D0E1C7E8C2D008B19EC /* AnalysisViewController.xib */ = {isa = PBXFileReference; fileEncoding = 4; lastKnownFileType = file.xib; path = AnalysisViewController.xib; sourceTree = "<group>"; };
		C96F1D111C7E8E10008B19EC /* AnalysisViewController.h */ = {isa = PBXFileReference; fileEncoding = 4; lastKnownFileType = sourcecode.c.h; path = AnalysisViewController.h; sourceTree = "<group>"; };
		C96F1D121C7E8E10008B19EC /* AnalysisViewController.m */ = {isa = PBXFileReference; fileEncoding = 4; lastKnownFileType = sourcecode.c.objc; path = AnalysisViewController.m; sourceTree = "<group>"; };
		C96F222E1C869587008B19EC /* QuartzCore.framework */ = {isa = PBXFileReference; lastKnownFileType = wrapper.framework; name = QuartzCore.framework; path = System/Library/Frameworks/QuartzCore.framework; sourceTree = SDKROOT; };
		C96F225A1C88268F008B19EC /* HSScaner.h */ = {isa = PBXFileReference; fileEncoding = 4; lastKnownFileType = sourcecode.c.h; path = HSScaner.h; sourceTree = "<group>"; };
		C96F225B1C88268F008B19EC /* HSScaner.m */ = {isa = PBXFileReference; fileEncoding = 4; lastKnownFileType = sourcecode.c.objc; path = HSScaner.m; sourceTree = "<group>"; };
		C96F225E1C88269F008B19EC /* HSAnalysisView.h */ = {isa = PBXFileReference; fileEncoding = 4; lastKnownFileType = sourcecode.c.h; path = HSAnalysisView.h; sourceTree = "<group>"; };
		C96F225F1C88269F008B19EC /* HSAnalysisView.m */ = {isa = PBXFileReference; fileEncoding = 4; lastKnownFileType = sourcecode.c.objc; path = HSAnalysisView.m; sourceTree = "<group>"; };
		C96F22601C88269F008B19EC /* HSPickerView.h */ = {isa = PBXFileReference; fileEncoding = 4; lastKnownFileType = sourcecode.c.h; path = HSPickerView.h; sourceTree = "<group>"; };
		C96F22611C88269F008B19EC /* HSPickerView.m */ = {isa = PBXFileReference; fileEncoding = 4; lastKnownFileType = sourcecode.c.objc; path = HSPickerView.m; sourceTree = "<group>"; };
		C96F22621C88269F008B19EC /* HSPolyline.h */ = {isa = PBXFileReference; fileEncoding = 4; lastKnownFileType = sourcecode.c.h; path = HSPolyline.h; sourceTree = "<group>"; };
		C96F22631C88269F008B19EC /* HSPolyline.m */ = {isa = PBXFileReference; fileEncoding = 4; lastKnownFileType = sourcecode.c.objc; path = HSPolyline.m; sourceTree = "<group>"; };
		C96F22641C88269F008B19EC /* HSSegmentView.h */ = {isa = PBXFileReference; fileEncoding = 4; lastKnownFileType = sourcecode.c.h; path = HSSegmentView.h; sourceTree = "<group>"; };
		C96F22651C88269F008B19EC /* HSSegmentView.m */ = {isa = PBXFileReference; fileEncoding = 4; lastKnownFileType = sourcecode.c.objc; path = HSSegmentView.m; sourceTree = "<group>"; };
		C96F22661C88269F008B19EC /* PhotoLayer.h */ = {isa = PBXFileReference; fileEncoding = 4; lastKnownFileType = sourcecode.c.h; path = PhotoLayer.h; sourceTree = "<group>"; };
		C96F22671C88269F008B19EC /* PhotoLayer.m */ = {isa = PBXFileReference; fileEncoding = 4; lastKnownFileType = sourcecode.c.objc; path = PhotoLayer.m; sourceTree = "<group>"; };
		C96F22681C88269F008B19EC /* XYPieChart.h */ = {isa = PBXFileReference; fileEncoding = 4; lastKnownFileType = sourcecode.c.h; path = XYPieChart.h; sourceTree = "<group>"; };
		C96F22691C88269F008B19EC /* XYPieChart.m */ = {isa = PBXFileReference; fileEncoding = 4; lastKnownFileType = sourcecode.c.objc; path = XYPieChart.m; sourceTree = "<group>"; };
		C96F22711C8826F0008B19EC /* AppDelegate.h */ = {isa = PBXFileReference; fileEncoding = 4; lastKnownFileType = sourcecode.c.h; path = AppDelegate.h; sourceTree = "<group>"; };
		C96F22721C8826F0008B19EC /* AppDelegate.m */ = {isa = PBXFileReference; fileEncoding = 4; lastKnownFileType = sourcecode.c.objc; path = AppDelegate.m; sourceTree = "<group>"; };
		C96F22731C8826F0008B19EC /* Controls.pch */ = {isa = PBXFileReference; fileEncoding = 4; lastKnownFileType = sourcecode.c.h; path = Controls.pch; sourceTree = "<group>"; };
		C96F22741C8826F0008B19EC /* main.m */ = {isa = PBXFileReference; fileEncoding = 4; lastKnownFileType = sourcecode.c.objc; name = main.m; path = Root/main.m; sourceTree = "<group>"; };
		C96F22751C8826F0008B19EC /* Main.Storyboard */ = {isa = PBXFileReference; fileEncoding = 4; lastKnownFileType = file.storyboard; name = Main.Storyboard; path = Root/Main.Storyboard; sourceTree = "<group>"; };
		C96F22761C8826F0008B19EC /* MainViewController.h */ = {isa = PBXFileReference; fileEncoding = 4; lastKnownFileType = sourcecode.c.h; path = MainViewController.h; sourceTree = "<group>"; };
		C96F22771C8826F0008B19EC /* MainViewController.m */ = {isa = PBXFileReference; fileEncoding = 4; lastKnownFileType = sourcecode.c.objc; path = MainViewController.m; sourceTree = "<group>"; };
		C96F227C1C882794008B19EC /* ScanViewController.h */ = {isa = PBXFileReference; fileEncoding = 4; lastKnownFileType = sourcecode.c.h; path = ScanViewController.h; sourceTree = "<group>"; };
		C96F227D1C882794008B19EC /* ScanViewController.m */ = {isa = PBXFileReference; fileEncoding = 4; lastKnownFileType = sourcecode.c.objc; path = ScanViewController.m; sourceTree = "<group>"; };
		C96F227F1C8827A4008B19EC /* ScanViewController.xib */ = {isa = PBXFileReference; fileEncoding = 4; lastKnownFileType = file.xib; path = ScanViewController.xib; sourceTree = "<group>"; };
		CD32A4E61ADE05ED7E97B0BA /* libPods.a */ = {isa = PBXFileReference; explicitFileType = archive.ar; includeInIndex = 0; path = libPods.a; sourceTree = BUILT_PRODUCTS_DIR; };
/* End PBXFileReference section */

/* Begin PBXFrameworksBuildPhase section */
		184FAAD61C521ABA00DC9920 /* Frameworks */ = {
			isa = PBXFrameworksBuildPhase;
			buildActionMask = 2147483647;
			files = (
				C96F222F1C869587008B19EC /* QuartzCore.framework in Frameworks */,
			);
			runOnlyForDeploymentPostprocessing = 0;
		};
/* End PBXFrameworksBuildPhase section */

/* Begin PBXGroup section */
		184FAAD01C521ABA00DC9920 = {
			isa = PBXGroup;
			children = (
				184FAADB1C521ABA00DC9920 /* Controls */,
				184FAADA1C521ABA00DC9920 /* Products */,
				2B57A9B2FB811B9D0638D4AC /* Frameworks */,
			);
			sourceTree = "<group>";
		};
		184FAADA1C521ABA00DC9920 /* Products */ = {
			isa = PBXGroup;
			children = (
				184FAAD91C521ABA00DC9920 /* Controls.app */,
			);
			name = Products;
			sourceTree = "<group>";
		};
		184FAADB1C521ABA00DC9920 /* Controls */ = {
			isa = PBXGroup;
			children = (
				C96F22701C8826F0008B19EC /* Root */,
				C94BCBB31C72AB4C0092C0BD /* Controller */,
				C96F225D1C88269F008B19EC /* View */,
				C96F22591C88268F008B19EC /* Model */,
				184FAAE81C521ABA00DC9920 /* Assets.xcassets */,
				C96F22751C8826F0008B19EC /* Main.Storyboard */,
				184FAAEA1C521ABA00DC9920 /* LaunchScreen.storyboard */,
				184FAADC1C521ABA00DC9920 /* Supporting Files */,
			);
			path = Controls;
			sourceTree = "<group>";
		};
		184FAADC1C521ABA00DC9920 /* Supporting Files */ = {
			isa = PBXGroup;
			children = (
				C96F22741C8826F0008B19EC /* main.m */,
				184FAAED1C521ABA00DC9920 /* Info.plist */,
			);
			name = "Supporting Files";
			sourceTree = "<group>";
		};
		2B57A9B2FB811B9D0638D4AC /* Frameworks */ = {
			isa = PBXGroup;
			children = (
				C96F222E1C869587008B19EC /* QuartzCore.framework */,
				CD32A4E61ADE05ED7E97B0BA /* libPods.a */,
			);
			name = Frameworks;
			sourceTree = "<group>";
		};
		C94BCBB31C72AB4C0092C0BD /* Controller */ = {
			isa = PBXGroup;
			children = (
				C94BCBB41C72AB4C0092C0BD /* DatePickerController.h */,
				C94BCBB51C72AB4C0092C0BD /* DatePickerController.m */,
				C94BCBB61C72AB4C0092C0BD /* DatePickerController.xib */,
				C94BCBB71C72AB4C0092C0BD /* PieViewController.h */,
				C94BCBB81C72AB4C0092C0BD /* PieViewController.m */,
				C94BCBB91C72AB4C0092C0BD /* PieViewController.xib */,
				C94BCBC11C72AFF70092C0BD /* SegmentViewController.h */,
				C94BCBC21C72AFF70092C0BD /* SegmentViewController.m */,
				C94BCBC31C72AFF70092C0BD /* SegmentViewController.xib */,
				C94BCBC61C72B02B0092C0BD /* PolyViewController.h */,
				C94BCBC71C72B02B0092C0BD /* PolyViewController.m */,
				C94BCBC81C72B02B0092C0BD /* PolyViewController.xib */,
				C96F1D111C7E8E10008B19EC /* AnalysisViewController.h */,
				C96F1D121C7E8E10008B19EC /* AnalysisViewController.m */,
				C96F1D0E1C7E8C2D008B19EC /* AnalysisViewController.xib */,
				C96F227C1C882794008B19EC /* ScanViewController.h */,
				C96F227D1C882794008B19EC /* ScanViewController.m */,
				C96F227F1C8827A4008B19EC /* ScanViewController.xib */,
			);
			path = Controller;
			sourceTree = "<group>";
		};
		C96F22591C88268F008B19EC /* Model */ = {
			isa = PBXGroup;
			children = (
				C96F225A1C88268F008B19EC /* HSScaner.h */,
				C96F225B1C88268F008B19EC /* HSScaner.m */,
			);
			path = Model;
			sourceTree = "<group>";
		};
		C96F225D1C88269F008B19EC /* View */ = {
			isa = PBXGroup;
			children = (
				C96F22641C88269F008B19EC /* HSSegmentView.h */,
				C96F22651C88269F008B19EC /* HSSegmentView.m */,
				C96F225E1C88269F008B19EC /* HSAnalysisView.h */,
				C96F225F1C88269F008B19EC /* HSAnalysisView.m */,
				C96F22601C88269F008B19EC /* HSPickerView.h */,
				C96F22611C88269F008B19EC /* HSPickerView.m */,
				C96F22621C88269F008B19EC /* HSPolyline.h */,
				C96F22631C88269F008B19EC /* HSPolyline.m */,
				C96F22681C88269F008B19EC /* XYPieChart.h */,
				C96F22691C88269F008B19EC /* XYPieChart.m */,
				C96F22661C88269F008B19EC /* PhotoLayer.h */,
				C96F22671C88269F008B19EC /* PhotoLayer.m */,
			);
			path = View;
			sourceTree = "<group>";
		};
		C96F22701C8826F0008B19EC /* Root */ = {
			isa = PBXGroup;
			children = (
				C96F22711C8826F0008B19EC /* AppDelegate.h */,
				C96F22721C8826F0008B19EC /* AppDelegate.m */,
				C96F22731C8826F0008B19EC /* Controls.pch */,
				C96F22761C8826F0008B19EC /* MainViewController.h */,
				C96F22771C8826F0008B19EC /* MainViewController.m */,
			);
			path = Root;
			sourceTree = "<group>";
		};
/* End PBXGroup section */

/* Begin PBXNativeTarget section */
		184FAAD81C521ABA00DC9920 /* Controls */ = {
			isa = PBXNativeTarget;
			buildConfigurationList = 184FAAF01C521ABB00DC9920 /* Build configuration list for PBXNativeTarget "Controls" */;
			buildPhases = (
				184FAAD51C521ABA00DC9920 /* Sources */,
				184FAAD61C521ABA00DC9920 /* Frameworks */,
				184FAAD71C521ABA00DC9920 /* Resources */,
			);
			buildRules = (
			);
			dependencies = (
			);
			name = Controls;
			productName = Controls;
			productReference = 184FAAD91C521ABA00DC9920 /* Controls.app */;
			productType = "com.apple.product-type.application";
		};
/* End PBXNativeTarget section */

/* Begin PBXProject section */
		184FAAD11C521ABA00DC9920 /* Project object */ = {
			isa = PBXProject;
			attributes = {
				LastUpgradeCheck = 0720;
				ORGANIZATIONNAME = "oubuy·luo";
				TargetAttributes = {
					184FAAD81C521ABA00DC9920 = {
						CreatedOnToolsVersion = 7.2;
					};
				};
			};
			buildConfigurationList = 184FAAD41C521ABA00DC9920 /* Build configuration list for PBXProject "Controls" */;
			compatibilityVersion = "Xcode 3.2";
			developmentRegion = English;
			hasScannedForEncodings = 0;
			knownRegions = (
				en,
				Base,
			);
			mainGroup = 184FAAD01C521ABA00DC9920;
			productRefGroup = 184FAADA1C521ABA00DC9920 /* Products */;
			projectDirPath = "";
			projectRoot = "";
			targets = (
				184FAAD81C521ABA00DC9920 /* Controls */,
			);
		};
/* End PBXProject section */

/* Begin PBXResourcesBuildPhase section */
		184FAAD71C521ABA00DC9920 /* Resources */ = {
			isa = PBXResourcesBuildPhase;
			buildActionMask = 2147483647;
			files = (
				C96F22801C8827A4008B19EC /* ScanViewController.xib in Resources */,
				C94BCBC51C72AFF70092C0BD /* SegmentViewController.xib in Resources */,
				184FAAEC1C521ABA00DC9920 /* LaunchScreen.storyboard in Resources */,
				C94BCBCA1C72B02B0092C0BD /* PolyViewController.xib in Resources */,
				C96F227A1C8826F0008B19EC /* Main.Storyboard in Resources */,
				C94BCBBB1C72AB4C0092C0BD /* DatePickerController.xib in Resources */,
				C94BCBBD1C72AB4C0092C0BD /* PieViewController.xib in Resources */,
				184FAAE91C521ABA00DC9920 /* Assets.xcassets in Resources */,
				C96F1D101C7E8C2D008B19EC /* AnalysisViewController.xib in Resources */,
			);
			runOnlyForDeploymentPostprocessing = 0;
		};
/* End PBXResourcesBuildPhase section */

/* Begin PBXSourcesBuildPhase section */
		184FAAD51C521ABA00DC9920 /* Sources */ = {
			isa = PBXSourcesBuildPhase;
			buildActionMask = 2147483647;
			files = (
				C94BCBBA1C72AB4C0092C0BD /* DatePickerController.m in Sources */,
				C96F1D131C7E8E10008B19EC /* AnalysisViewController.m in Sources */,
				C96F226E1C88269F008B19EC /* PhotoLayer.m in Sources */,
				C96F227E1C882794008B19EC /* ScanViewController.m in Sources */,
				C96F226F1C88269F008B19EC /* XYPieChart.m in Sources */,
				C96F226C1C88269F008B19EC /* HSPolyline.m in Sources */,
				C96F225C1C88268F008B19EC /* HSScaner.m in Sources */,
				C94BCBBC1C72AB4C0092C0BD /* PieViewController.m in Sources */,
				C96F22781C8826F0008B19EC /* AppDelegate.m in Sources */,
				C96F226A1C88269F008B19EC /* HSAnalysisView.m in Sources */,
				C96F226D1C88269F008B19EC /* HSSegmentView.m in Sources */,
				C96F226B1C88269F008B19EC /* HSPickerView.m in Sources */,
				C94BCBC41C72AFF70092C0BD /* SegmentViewController.m in Sources */,
				C96F22791C8826F0008B19EC /* main.m in Sources */,
				C96F227B1C8826F0008B19EC /* MainViewController.m in Sources */,
				C94BCBC91C72B02B0092C0BD /* PolyViewController.m in Sources */,
			);
			runOnlyForDeploymentPostprocessing = 0;
		};
/* End PBXSourcesBuildPhase section */

/* Begin PBXVariantGroup section */
		184FAAEA1C521ABA00DC9920 /* LaunchScreen.storyboard */ = {
			isa = PBXVariantGroup;
			children = (
				184FAAEB1C521ABA00DC9920 /* Base */,
			);
			name = LaunchScreen.storyboard;
			sourceTree = "<group>";
		};
/* End PBXVariantGroup section */

/* Begin XCBuildConfiguration section */
		184FAAEE1C521ABA00DC9920 /* Debug */ = {
			isa = XCBuildConfiguration;
			buildSettings = {
				ALWAYS_SEARCH_USER_PATHS = NO;
				CLANG_CXX_LANGUAGE_STANDARD = "gnu++0x";
				CLANG_CXX_LIBRARY = "libc++";
				CLANG_ENABLE_MODULES = YES;
				CLANG_ENABLE_OBJC_ARC = YES;
				CLANG_WARN_BOOL_CONVERSION = YES;
				CLANG_WARN_CONSTANT_CONVERSION = YES;
				CLANG_WARN_DIRECT_OBJC_ISA_USAGE = YES_ERROR;
				CLANG_WARN_EMPTY_BODY = YES;
				CLANG_WARN_ENUM_CONVERSION = YES;
				CLANG_WARN_INT_CONVERSION = YES;
				CLANG_WARN_OBJC_ROOT_CLASS = YES_ERROR;
				CLANG_WARN_UNREACHABLE_CODE = YES;
				CLANG_WARN__DUPLICATE_METHOD_MATCH = YES;
				"CODE_SIGN_IDENTITY[sdk=iphoneos*]" = "iPhone Developer";
				COPY_PHASE_STRIP = NO;
				DEBUG_INFORMATION_FORMAT = dwarf;
				ENABLE_STRICT_OBJC_MSGSEND = YES;
				ENABLE_TESTABILITY = YES;
				GCC_C_LANGUAGE_STANDARD = gnu99;
				GCC_DYNAMIC_NO_PIC = NO;
				GCC_NO_COMMON_BLOCKS = YES;
				GCC_OPTIMIZATION_LEVEL = 0;
				GCC_PREPROCESSOR_DEFINITIONS = (
					"DEBUG=1",
					"$(inherited)",
				);
				GCC_WARN_64_TO_32_BIT_CONVERSION = YES;
				GCC_WARN_ABOUT_RETURN_TYPE = YES_ERROR;
				GCC_WARN_UNDECLARED_SELECTOR = YES;
				GCC_WARN_UNINITIALIZED_AUTOS = YES_AGGRESSIVE;
				GCC_WARN_UNUSED_FUNCTION = YES;
				GCC_WARN_UNUSED_VARIABLE = YES;
				IPHONEOS_DEPLOYMENT_TARGET = 9.2;
				MTL_ENABLE_DEBUG_INFO = YES;
				ONLY_ACTIVE_ARCH = YES;
				SDKROOT = iphoneos;
			};
			name = Debug;
		};
		184FAAEF1C521ABB00DC9920 /* Release */ = {
			isa = XCBuildConfiguration;
			buildSettings = {
				ALWAYS_SEARCH_USER_PATHS = NO;
				CLANG_CXX_LANGUAGE_STANDARD = "gnu++0x";
				CLANG_CXX_LIBRARY = "libc++";
				CLANG_ENABLE_MODULES = YES;
				CLANG_ENABLE_OBJC_ARC = YES;
				CLANG_WARN_BOOL_CONVERSION = YES;
				CLANG_WARN_CONSTANT_CONVERSION = YES;
				CLANG_WARN_DIRECT_OBJC_ISA_USAGE = YES_ERROR;
				CLANG_WARN_EMPTY_BODY = YES;
				CLANG_WARN_ENUM_CONVERSION = YES;
				CLANG_WARN_INT_CONVERSION = YES;
				CLANG_WARN_OBJC_ROOT_CLASS = YES_ERROR;
				CLANG_WARN_UNREACHABLE_CODE = YES;
				CLANG_WARN__DUPLICATE_METHOD_MATCH = YES;
				"CODE_SIGN_IDENTITY[sdk=iphoneos*]" = "iPhone Developer";
				COPY_PHASE_STRIP = NO;
				DEBUG_INFORMATION_FORMAT = "dwarf-with-dsym";
				ENABLE_NS_ASSERTIONS = NO;
				ENABLE_STRICT_OBJC_MSGSEND = YES;
				GCC_C_LANGUAGE_STANDARD = gnu99;
				GCC_NO_COMMON_BLOCKS = YES;
				GCC_WARN_64_TO_32_BIT_CONVERSION = YES;
				GCC_WARN_ABOUT_RETURN_TYPE = YES_ERROR;
				GCC_WARN_UNDECLARED_SELECTOR = YES;
				GCC_WARN_UNINITIALIZED_AUTOS = YES_AGGRESSIVE;
				GCC_WARN_UNUSED_FUNCTION = YES;
				GCC_WARN_UNUSED_VARIABLE = YES;
				IPHONEOS_DEPLOYMENT_TARGET = 9.2;
				MTL_ENABLE_DEBUG_INFO = NO;
				SDKROOT = iphoneos;
				VALIDATE_PRODUCT = YES;
			};
			name = Release;
		};
		184FAAF11C521ABB00DC9920 /* Debug */ = {
			isa = XCBuildConfiguration;
			buildSettings = {
				ASSETCATALOG_COMPILER_APPICON_NAME = AppIcon;
				CODE_SIGN_IDENTITY = "iPhone Developer";
				GCC_PRECOMPILE_PREFIX_HEADER = YES;
				GCC_PREFIX_HEADER = "$(SRCROOT)/Controls/Root/Controls.pch";
				INFOPLIST_FILE = Controls/Info.plist;
				IPHONEOS_DEPLOYMENT_TARGET = 7.0;
				LD_RUNPATH_SEARCH_PATHS = "$(inherited) @executable_path/Frameworks";
				PRODUCT_BUNDLE_IDENTIFIER = com.bugull.test;
				PRODUCT_NAME = "$(TARGET_NAME)";
				PROVISIONING_PROFILE = "";
				TARGETED_DEVICE_FAMILY = 1;
			};
			name = Debug;
		};
		184FAAF21C521ABB00DC9920 /* Release */ = {
			isa = XCBuildConfiguration;
			buildSettings = {
				ASSETCATALOG_COMPILER_APPICON_NAME = AppIcon;
				CODE_SIGN_IDENTITY = "iPhone Developer";
				GCC_PRECOMPILE_PREFIX_HEADER = YES;
				GCC_PREFIX_HEADER = "$(SRCROOT)/Controls/Root/Controls.pch";
				INFOPLIST_FILE = Controls/Info.plist;
				IPHONEOS_DEPLOYMENT_TARGET = 7.0;
				LD_RUNPATH_SEARCH_PATHS = "$(inherited) @executable_path/Frameworks";
				PRODUCT_BUNDLE_IDENTIFIER = com.bugull.test;
				PRODUCT_NAME = "$(TARGET_NAME)";
				PROVISIONING_PROFILE = "";
				TARGETED_DEVICE_FAMILY = 1;
			};
			name = Release;
		};
/* End XCBuildConfiguration section */

/* Begin XCConfigurationList section */
		184FAAD41C521ABA00DC9920 /* Build configuration list for PBXProject "Controls" */ = {
			isa = XCConfigurationList;
			buildConfigurations = (
				184FAAEE1C521ABA00DC9920 /* Debug */,
				184FAAEF1C521ABB00DC9920 /* Release */,
			);
			defaultConfigurationIsVisible = 0;
			defaultConfigurationName = Release;
		};
		184FAAF01C521ABB00DC9920 /* Build configuration list for PBXNativeTarget "Controls" */ = {
			isa = XCConfigurationList;
			buildConfigurations = (
				184FAAF11C521ABB00DC9920 /* Debug */,
				184FAAF21C521ABB00DC9920 /* Release */,
			);
			defaultConfigurationIsVisible = 0;
			defaultConfigurationName = Release;
		};
/* End XCConfigurationList section */
	};
	rootObject = 184FAAD11C521ABA00DC9920 /* Project object */;
}
